# THIS IS AN AUTOGENERATED FILE. DO NOT EDIT THIS FILE DIRECTLY.
# yarn lockfile v1


accept@3.x.x:
  version "3.1.3"
  resolved "https://registry.yarnpkg.com/accept/-/accept-3.1.3.tgz#29c3e2b3a8f4eedbc2b690e472b9ebbdc7385e87"
  dependencies:
    boom "7.x.x"
    hoek "6.x.x"

ammo@3.x.x:
  version "3.0.3"
  resolved "https://registry.yarnpkg.com/ammo/-/ammo-3.0.3.tgz#502aafa9d8bfca264143e226e5f322716e746b0c"
  dependencies:
    hoek "6.x.x"

b64@4.x.x:
  version "4.1.2"
  resolved "https://registry.yarnpkg.com/b64/-/b64-4.1.2.tgz#7015372ba8101f7fb18da070717a93c28c8580d8"
  dependencies:
    hoek "6.x.x"

boom@3.2.1:
  version "3.2.1"
  resolved "https://registry.yarnpkg.com/boom/-/boom-3.2.1.tgz#ca993f1b06c1bf8731af06a70ef9bc3c75f879a8"
  dependencies:
    hoek "4.x.x"

boom@7.x.x:
  version "7.3.0"
  resolved "https://registry.yarnpkg.com/boom/-/boom-7.3.0.tgz#733a6d956d33b0b1999da3fe6c12996950d017b9"
  dependencies:
    hoek "6.x.x"

bounce@1.x.x:
  version "1.2.3"
  resolved "https://registry.yarnpkg.com/bounce/-/bounce-1.2.3.tgz#2b286d36eb21d5f08fe672dd8cd37a109baad121"
  dependencies:
    boom "7.x.x"
    hoek "6.x.x"

bourne@1.x.x:
  version "1.1.2"
  resolved "https://registry.yarnpkg.com/bourne/-/bourne-1.1.2.tgz#e290b5bd7166635632eaf8ef12b006b2d4a75b83"

buffer-equal-constant-time@1.0.1:
  version "1.0.1"
  resolved "https://registry.yarnpkg.com/buffer-equal-constant-time/-/buffer-equal-constant-time-1.0.1.tgz#f8e71132f7ffe6e01a5c9697a4c6f3e48d5cc819"

call@5.x.x:
  version "5.0.3"
  resolved "https://registry.yarnpkg.com/call/-/call-5.0.3.tgz#5dc82c698141c2d45c51a9c3c7e0697f43ac46a2"
  dependencies:
    boom "7.x.x"
    hoek "6.x.x"

catbox-memory@4.x.x:
  version "4.0.1"
  resolved "https://registry.yarnpkg.com/catbox-memory/-/catbox-memory-4.0.1.tgz#3371ae0dd91bbf5d9dd88dcab5332470354cbd1f"
  dependencies:
    boom "7.x.x"
    hoek "6.x.x"

catbox@10.x.x:
  version "10.0.6"
  resolved "https://registry.yarnpkg.com/catbox/-/catbox-10.0.6.tgz#d8d8dc3c36c965560539f94245904b229a8af428"
  dependencies:
    boom "7.x.x"
    hoek "6.x.x"
    joi "14.x.x"

content@4.x.x:
  version "4.0.6"
  resolved "https://registry.yarnpkg.com/content/-/content-4.0.6.tgz#76ffd96c5cbccf64fe3923cbb9c48b8bc04b273e"
  dependencies:
    boom "7.x.x"

cryptiles@4.x.x:
  version "4.1.3"
  resolved "https://registry.yarnpkg.com/cryptiles/-/cryptiles-4.1.3.tgz#2461d3390ea0b82c643a6ba79f0ed491b0934c25"
  dependencies:
    boom "7.x.x"

hapi-github-webhooks@^1.0.3:
  version "1.0.3"
  resolved "https://registry.yarnpkg.com/hapi-github-webhooks/-/hapi-github-webhooks-1.0.3.tgz#4de181ea94b451dfafa402a534e9a883091c1315"
  dependencies:
    boom "3.2.1"
    buffer-equal-constant-time "1.0.1"
    joi "8.4.0"

hapi@^18.1.0:
  version "18.1.0"
  resolved "https://registry.yarnpkg.com/hapi/-/hapi-18.1.0.tgz#98a2a5a8f37a41eb196bdad9727f66b1fbca5fec"
  dependencies:
    accept "3.x.x"
    ammo "3.x.x"
    boom "7.x.x"
    bounce "1.x.x"
    call "5.x.x"
    catbox "10.x.x"
    catbox-memory "4.x.x"
    heavy "6.x.x"
    hoek "6.x.x"
    joi "14.x.x"
    mimos "4.x.x"
    podium "3.x.x"
    shot "4.x.x"
    somever "2.x.x"
    statehood "6.x.x"
    subtext "6.x.x"
    teamwork "3.x.x"
    topo "3.x.x"

heavy@6.x.x:
  version "6.1.2"
  resolved "https://registry.yarnpkg.com/heavy/-/heavy-6.1.2.tgz#e5d56f18170a37b01d4381bc07fece5edc68520b"
  dependencies:
    boom "7.x.x"
    hoek "6.x.x"
    joi "14.x.x"

hoek@4.x.x:
  version "4.1.0"
  resolved "https://registry.yarnpkg.com/hoek/-/hoek-4.1.0.tgz#4a4557460f69842ed463aa00628cc26d2683afa7"

hoek@6.x.x:
  version "6.1.3"
  resolved "https://registry.yarnpkg.com/hoek/-/hoek-6.1.3.tgz#73b7d33952e01fe27a38b0457294b79dd8da242c"

iron@5.x.x:
  version "5.0.6"
  resolved "https://registry.yarnpkg.com/iron/-/iron-5.0.6.tgz#7121d4a6e3ac2f65e4d02971646fea1995434744"
  dependencies:
    b64 "4.x.x"
    boom "7.x.x"
    cryptiles "4.x.x"
    hoek "6.x.x"

isemail@2.x.x:
  version "2.2.1"
  resolved "https://registry.yarnpkg.com/isemail/-/isemail-2.2.1.tgz#0353d3d9a62951080c262c2aa0a42b8ea8e9e2a6"

isemail@3.x.x:
  version "3.2.0"
  resolved "https://registry.yarnpkg.com/isemail/-/isemail-3.2.0.tgz#59310a021931a9fb06bbb51e155ce0b3f236832c"
  dependencies:
    punycode "2.x.x"

joi@14.x.x:
  version "14.3.1"
  resolved "https://registry.yarnpkg.com/joi/-/joi-14.3.1.tgz#164a262ec0b855466e0c35eea2a885ae8b6c703c"
  dependencies:
    hoek "6.x.x"
    isemail "3.x.x"
    topo "3.x.x"

joi@8.4.0:
  version "8.4.0"
  resolved "https://registry.yarnpkg.com/joi/-/joi-8.4.0.tgz#e309944d8690468517ab879f8a94d23858278eac"
  dependencies:
    hoek "4.x.x"
    isemail "2.x.x"
    moment "2.x.x"
    topo "2.x.x"

mime-db@1.x.x:
  version "1.26.0"
  resolved "https://registry.yarnpkg.com/mime-db/-/mime-db-1.26.0.tgz#eaffcd0e4fc6935cf8134da246e2e6c35305adff"

mimos@4.x.x:
  version "4.0.2"
  resolved "https://registry.yarnpkg.com/mimos/-/mimos-4.0.2.tgz#f2762d7c60118ce51c2231afa090bc335d21d0f8"
  dependencies:
    hoek "6.x.x"
    mime-db "1.x.x"

moment@2.x.x:
  version "2.17.1"
  resolved "https://registry.yarnpkg.com/moment/-/moment-2.17.1.tgz#fed9506063f36b10f066c8b59a144d7faebe1d82"

nigel@3.x.x:
  version "3.0.4"
  resolved "https://registry.yarnpkg.com/nigel/-/nigel-3.0.4.tgz#edcd82f2e9387fe34ba21e3127ae4891547c7945"
  dependencies:
    hoek "6.x.x"
    vise "3.x.x"

pez@4.x.x:
  version "4.0.5"
  resolved "https://registry.yarnpkg.com/pez/-/pez-4.0.5.tgz#a975c49deff330d298d82851b39f81c2710556df"
  dependencies:
    b64 "4.x.x"
    boom "7.x.x"
    content "4.x.x"
    hoek "6.x.x"
    nigel "3.x.x"

podium@3.x.x:
  version "3.2.0"
  resolved "https://registry.yarnpkg.com/podium/-/podium-3.2.0.tgz#2a7c579ddd5408f412d014c9ffac080c41d83477"
  dependencies:
    hoek "6.x.x"
    joi "14.x.x"

punycode@2.x.x:
  version "2.1.1"
  resolved "https://registry.yarnpkg.com/punycode/-/punycode-2.1.1.tgz#b58b010ac40c22c5657616c8d2c2c02c7bf479ec"

shot@4.x.x:
  version "4.0.7"
  resolved "https://registry.yarnpkg.com/shot/-/shot-4.0.7.tgz#b05d2858634fedc18ece99e8f638fab7c9f9d4c4"
  dependencies:
    hoek "6.x.x"
    joi "14.x.x"

somever@2.x.x:
  version "2.0.0"
  resolved "https://registry.yarnpkg.com/somever/-/somever-2.0.0.tgz#7bdbed3bee8ece2c7c8a2e7d9a1c022bd98d6c89"
  dependencies:
    bounce "1.x.x"
    hoek "6.x.x"

statehood@6.x.x:
  version "6.0.9"
  resolved "https://registry.yarnpkg.com/statehood/-/statehood-6.0.9.tgz#b347ae19818aec7fc26645fe1ec6a61928a57a3c"
  dependencies:
    boom "7.x.x"
    bounce "1.x.x"
    bourne "1.x.x"
    cryptiles "4.x.x"
    hoek "6.x.x"
    iron "5.x.x"
    joi "14.x.x"

subtext@6.x.x:
  version "6.0.12"
  resolved "https://registry.yarnpkg.com/subtext/-/subtext-6.0.12.tgz#ac09be3eac1eca3396933adeadd65fc781f64fc1"
  dependencies:
    boom "7.x.x"
    bourne "1.x.x"
    content "4.x.x"
    hoek "6.x.x"
    pez "4.x.x"
    wreck "14.x.x"

teamwork@3.x.x:
  version "3.2.0"
  resolved "https://registry.yarnpkg.com/teamwork/-/teamwork-3.2.0.tgz#27916edab815459c1a4686252eb18fb5925f49fa"

topo@2.x.x:
  version "2.0.2"
  resolved "https://registry.yarnpkg.com/topo/-/topo-2.0.2.tgz#cd5615752539057c0dc0491a621c3bc6fbe1d182"
  dependencies:
    hoek "4.x.x"

topo@3.x.x:
  version "3.0.3"
  resolved "https://registry.yarnpkg.com/topo/-/topo-3.0.3.tgz#d5a67fb2e69307ebeeb08402ec2a2a6f5f7ad95c"
  dependencies:
    hoek "6.x.x"

vise@3.x.x:
  version "3.0.2"
  resolved "https://registry.yarnpkg.com/vise/-/vise-3.0.2.tgz#9a8b7450f783aa776faa327fe47d7bfddb227266"
  dependencies:
    hoek "6.x.x"

wreck@14.x.x:
  version "14.2.0"
  resolved "https://registry.yarnpkg.com/wreck/-/wreck-14.2.0.tgz#0064a5b930fc675f57830c1fd28342da1a70b0fc"
  dependencies:
    boom "7.x.x"
    bourne "1.x.x"
    hoek "6.x.x"
